// !$*UTF8*$!
{
	archiveVersion = 1;
	classes = {
	};
	objectVersion = 46;
	objects = {

/* Begin PBXBuildFile section */
		41AD9DC31C8BE0C700A9CB2E /* main.m in Sources */ = {isa = PBXBuildFile; fileRef = 41AD9DC21C8BE0C700A9CB2E /* main.m */; };
		41AD9DC61C8BE0C700A9CB2E /* AppDelegate.m in Sources */ = {isa = PBXBuildFile; fileRef = 41AD9DC51C8BE0C700A9CB2E /* AppDelegate.m */; };
		41AD9DC91C8BE0C700A9CB2E /* ViewController.m in Sources */ = {isa = PBXBuildFile; fileRef = 41AD9DC81C8BE0C700A9CB2E /* ViewController.m */; };
		41AD9DCC1C8BE0C700A9CB2E /* Main.storyboard in Resources */ = {isa = PBXBuildFile; fileRef = 41AD9DCA1C8BE0C700A9CB2E /* Main.storyboard */; };
		41AD9DCE1C8BE0C700A9CB2E /* Assets.xcassets in Resources */ = {isa = PBXBuildFile; fileRef = 41AD9DCD1C8BE0C700A9CB2E /* Assets.xcassets */; };
		41AD9DDC1C8BE0C700A9CB2E /* LaunchDemoTests.m in Sources */ = {isa = PBXBuildFile; fileRef = 41AD9DDB1C8BE0C700A9CB2E /* LaunchDemoTests.m */; };
		660F74921E1248DD00EA74D2 /* guide_Single.html in Resources */ = {isa = PBXBuildFile; fileRef = 660F74871E1248DD00EA74D2 /* guide_Single.html */; };
		660F74931E1248DD00EA74D2 /* guide_ipad.html in Resources */ = {isa = PBXBuildFile; fileRef = 660F74881E1248DD00EA74D2 /* guide_ipad.html */; };
		660F749D1E124BFC00EA74D2 /* guideCss in Resources */ = {isa = PBXBuildFile; fileRef = 660F749B1E124BFC00EA74D2 /* guideCss */; };
		660F749E1E124BFC00EA74D2 /* guideImg in Resources */ = {isa = PBXBuildFile; fileRef = 660F749C1E124BFC00EA74D2 /* guideImg */; };
		660F74BD1E124C8200EA74D2 /* guide_Page.html in Resources */ = {isa = PBXBuildFile; fileRef = 660F74A21E124C8200EA74D2 /* guide_Page.html */; };
		660F74D81E124C9800EA74D2 /* css in Resources */ = {isa = PBXBuildFile; fileRef = 660F74D51E124C9800EA74D2 /* css */; };
		660F74D91E124C9800EA74D2 /* img in Resources */ = {isa = PBXBuildFile; fileRef = 660F74D61E124C9800EA74D2 /* img */; };
		660F74DA1E124C9800EA74D2 /* js in Resources */ = {isa = PBXBuildFile; fileRef = 660F74D71E124C9800EA74D2 /* js */; };
		660F74DC1E1251AE00EA74D2 /* guide_Page2.html in Resources */ = {isa = PBXBuildFile; fileRef = 660F74DB1E1251AE00EA74D2 /* guide_Page2.html */; };
		667A2B2C1E11451F00AD21F8 /* AKLaunchWebVC.m in Sources */ = {isa = PBXBuildFile; fileRef = 667A2B2B1E11451F00AD21F8 /* AKLaunchWebVC.m */; };
/* End PBXBuildFile section */

/* Begin PBXContainerItemProxy section */
		41AD9DD81C8BE0C700A9CB2E /* PBXContainerItemProxy */ = {
			isa = PBXContainerItemProxy;
			containerPortal = 41AD9DB61C8BE0C700A9CB2E /* Project object */;
			proxyType = 1;
			remoteGlobalIDString = 41AD9DBD1C8BE0C700A9CB2E;
			remoteInfo = LaunchDemo;
		};
/* End PBXContainerItemProxy section */

/* Begin PBXFileReference section */
		41AD9DBE1C8BE0C700A9CB2E /* LaunchDemo.app */ = {isa = PBXFileReference; explicitFileType = wrapper.application; includeInIndex = 0; path = LaunchDemo.app; sourceTree = BUILT_PRODUCTS_DIR; };
		41AD9DC21C8BE0C700A9CB2E /* main.m */ = {isa = PBXFileReference; lastKnownFileType = sourcecode.c.objc; path = main.m; sourceTree = "<group>"; };
		41AD9DC41C8BE0C700A9CB2E /* AppDelegate.h */ = {isa = PBXFileReference; lastKnownFileType = sourcecode.c.h; path = AppDelegate.h; sourceTree = "<group>"; };
		41AD9DC51C8BE0C700A9CB2E /* AppDelegate.m */ = {isa = PBXFileReference; lastKnownFileType = sourcecode.c.objc; path = AppDelegate.m; sourceTree = "<group>"; };
		41AD9DC71C8BE0C700A9CB2E /* ViewController.h */ = {isa = PBXFileReference; lastKnownFileType = sourcecode.c.h; path = ViewController.h; sourceTree = "<group>"; };
		41AD9DC81C8BE0C700A9CB2E /* ViewController.m */ = {isa = PBXFileReference; lastKnownFileType = sourcecode.c.objc; path = ViewController.m; sourceTree = "<group>"; };
		41AD9DCB1C8BE0C700A9CB2E /* Base */ = {isa = PBXFileReference; lastKnownFileType = file.storyboard; name = Base; path = Base.lproj/Main.storyboard; sourceTree = "<group>"; };
		41AD9DCD1C8BE0C700A9CB2E /* Assets.xcassets */ = {isa = PBXFileReference; lastKnownFileType = folder.assetcatalog; path = Assets.xcassets; sourceTree = "<group>"; };
		41AD9DD21C8BE0C700A9CB2E /* Info.plist */ = {isa = PBXFileReference; lastKnownFileType = text.plist.xml; path = Info.plist; sourceTree = "<group>"; };
		41AD9DD71C8BE0C700A9CB2E /* LaunchDemoTests.xctest */ = {isa = PBXFileReference; explicitFileType = wrapper.cfbundle; includeInIndex = 0; path = LaunchDemoTests.xctest; sourceTree = BUILT_PRODUCTS_DIR; };
		41AD9DDB1C8BE0C700A9CB2E /* LaunchDemoTests.m */ = {isa = PBXFileReference; lastKnownFileType = sourcecode.c.objc; path = LaunchDemoTests.m; sourceTree = "<group>"; };
		41AD9DDD1C8BE0C700A9CB2E /* Info.plist */ = {isa = PBXFileReference; lastKnownFileType = text.plist.xml; path = Info.plist; sourceTree = "<group>"; };
		660F74871E1248DD00EA74D2 /* guide_Single.html */ = {isa = PBXFileReference; fileEncoding = 4; lastKnownFileType = text.html; path = guide_Single.html; sourceTree = "<group>"; };
		660F74881E1248DD00EA74D2 /* guide_ipad.html */ = {isa = PBXFileReference; fileEncoding = 4; lastKnownFileType = text.html; path = guide_ipad.html; sourceTree = "<group>"; };
		660F749B1E124BFC00EA74D2 /* guideCss */ = {isa = PBXFileReference; lastKnownFileType = folder; path = guideCss; sourceTree = "<group>"; };
		660F749C1E124BFC00EA74D2 /* guideImg */ = {isa = PBXFileReference; lastKnownFileType = folder; path = guideImg; sourceTree = "<group>"; };
		660F74A21E124C8200EA74D2 /* guide_Page.html */ = {isa = PBXFileReference; fileEncoding = 4; lastKnownFileType = text.html; path = guide_Page.html; sourceTree = "<group>"; };
		660F74D51E124C9800EA74D2 /* css */ = {isa = PBXFileReference; lastKnownFileType = folder; path = css; sourceTree = "<group>"; };
		660F74D61E124C9800EA74D2 /* img */ = {isa = PBXFileReference; lastKnownFileType = folder; path = img; sourceTree = "<group>"; };
		660F74D71E124C9800EA74D2 /* js */ = {isa = PBXFileReference; lastKnownFileType = folder; path = js; sourceTree = "<group>"; };
		660F74DB1E1251AE00EA74D2 /* guide_Page2.html */ = {isa = PBXFileReference; fileEncoding = 4; lastKnownFileType = text.html; path = guide_Page2.html; sourceTree = "<group>"; };
		667A2B2A1E11451F00AD21F8 /* AKLaunchWebVC.h */ = {isa = PBXFileReference; fileEncoding = 4; lastKnownFileType = sourcecode.c.h; path = AKLaunchWebVC.h; sourceTree = "<group>"; };
		667A2B2B1E11451F00AD21F8 /* AKLaunchWebVC.m */ = {isa = PBXFileReference; fileEncoding = 4; lastKnownFileType = sourcecode.c.objc; path = AKLaunchWebVC.m; sourceTree = "<group>"; };
/* End PBXFileReference section */

/* Begin PBXFrameworksBuildPhase section */
		41AD9DBB1C8BE0C700A9CB2E /* Frameworks */ = {
			isa = PBXFrameworksBuildPhase;
			buildActionMask = 2147483647;
			files = (
			);
			runOnlyForDeploymentPostprocessing = 0;
		};
		41AD9DD41C8BE0C700A9CB2E /* Frameworks */ = {
			isa = PBXFrameworksBuildPhase;
			buildActionMask = 2147483647;
			files = (
			);
			runOnlyForDeploymentPostprocessing = 0;
		};
/* End PBXFrameworksBuildPhase section */

/* Begin PBXGroup section */
		41AD9DB51C8BE0C700A9CB2E = {
			isa = PBXGroup;
			children = (
				41AD9DC01C8BE0C700A9CB2E /* LaunchDemo */,
				41AD9DDA1C8BE0C700A9CB2E /* LaunchDemoTests */,
				41AD9DBF1C8BE0C700A9CB2E /* Products */,
			);
			sourceTree = "<group>";
		};
		41AD9DBF1C8BE0C700A9CB2E /* Products */ = {
			isa = PBXGroup;
			children = (
				41AD9DBE1C8BE0C700A9CB2E /* LaunchDemo.app */,
				41AD9DD71C8BE0C700A9CB2E /* LaunchDemoTests.xctest */,
			);
			name = Products;
			sourceTree = "<group>";
		};
		41AD9DC01C8BE0C700A9CB2E /* LaunchDemo */ = {
			isa = PBXGroup;
			children = (
				667A2B291E11451F00AD21F8 /* LaunchWebVC */,
				41AD9DC41C8BE0C700A9CB2E /* AppDelegate.h */,
				41AD9DC51C8BE0C700A9CB2E /* AppDelegate.m */,
				41AD9DC71C8BE0C700A9CB2E /* ViewController.h */,
				41AD9DC81C8BE0C700A9CB2E /* ViewController.m */,
				41AD9DCA1C8BE0C700A9CB2E /* Main.storyboard */,
				41AD9DCD1C8BE0C700A9CB2E /* Assets.xcassets */,
				41AD9DD21C8BE0C700A9CB2E /* Info.plist */,
				41AD9DC11C8BE0C700A9CB2E /* Supporting Files */,
			);
			path = LaunchDemo;
			sourceTree = "<group>";
		};
		41AD9DC11C8BE0C700A9CB2E /* Supporting Files */ = {
			isa = PBXGroup;
			children = (
				660F749F1E124C8200EA74D2 /* PageStyle */,
				660F74861E1248DD00EA74D2 /* SingleStyle */,
				41AD9DC21C8BE0C700A9CB2E /* main.m */,
			);
			name = "Supporting Files";
			sourceTree = "<group>";
		};
		41AD9DDA1C8BE0C700A9CB2E /* LaunchDemoTests */ = {
			isa = PBXGroup;
			children = (
				41AD9DDB1C8BE0C700A9CB2E /* LaunchDemoTests.m */,
				41AD9DDD1C8BE0C700A9CB2E /* Info.plist */,
			);
			path = LaunchDemoTests;
			sourceTree = "<group>";
		};
		660F74861E1248DD00EA74D2 /* SingleStyle */ = {
			isa = PBXGroup;
			children = (
				660F749B1E124BFC00EA74D2 /* guideCss */,
				660F749C1E124BFC00EA74D2 /* guideImg */,
				660F74871E1248DD00EA74D2 /* guide_Single.html */,
				660F74881E1248DD00EA74D2 /* guide_ipad.html */,
			);
			path = SingleStyle;
			sourceTree = "<group>";
		};
		660F749F1E124C8200EA74D2 /* PageStyle */ = {
			isa = PBXGroup;
			children = (
				660F74D51E124C9800EA74D2 /* css */,
				660F74D61E124C9800EA74D2 /* img */,
				660F74D71E124C9800EA74D2 /* js */,
				660F74A21E124C8200EA74D2 /* guide_Page.html */,
				660F74DB1E1251AE00EA74D2 /* guide_Page2.html */,
			);
			path = PageStyle;
			sourceTree = "<group>";
		};
		667A2B291E11451F00AD21F8 /* LaunchWebVC */ = {
			isa = PBXGroup;
			children = (
				667A2B2A1E11451F00AD21F8 /* AKLaunchWebVC.h */,
				667A2B2B1E11451F00AD21F8 /* AKLaunchWebVC.m */,
			);
			path = LaunchWebVC;
			sourceTree = "<group>";
		};
/* End PBXGroup section */

/* Begin PBXNativeTarget section */
		41AD9DBD1C8BE0C700A9CB2E /* LaunchDemo */ = {
			isa = PBXNativeTarget;
			buildConfigurationList = 41AD9DE01C8BE0C700A9CB2E /* Build configuration list for PBXNativeTarget "LaunchDemo" */;
			buildPhases = (
				41AD9DBA1C8BE0C700A9CB2E /* Sources */,
				41AD9DBB1C8BE0C700A9CB2E /* Frameworks */,
				41AD9DBC1C8BE0C700A9CB2E /* Resources */,
			);
			buildRules = (
			);
			dependencies = (
			);
			name = LaunchDemo;
			productName = LaunchDemo;
			productReference = 41AD9DBE1C8BE0C700A9CB2E /* LaunchDemo.app */;
			productType = "com.apple.product-type.application";
		};
		41AD9DD61C8BE0C700A9CB2E /* LaunchDemoTests */ = {
			isa = PBXNativeTarget;
			buildConfigurationList = 41AD9DE31C8BE0C700A9CB2E /* Build configuration list for PBXNativeTarget "LaunchDemoTests" */;
			buildPhases = (
				41AD9DD31C8BE0C700A9CB2E /* Sources */,
				41AD9DD41C8BE0C700A9CB2E /* Frameworks */,
				41AD9DD51C8BE0C700A9CB2E /* Resources */,
			);
			buildRules = (
			);
			dependencies = (
				41AD9DD91C8BE0C700A9CB2E /* PBXTargetDependency */,
			);
			name = LaunchDemoTests;
			productName = LaunchDemoTests;
			productReference = 41AD9DD71C8BE0C700A9CB2E /* LaunchDemoTests.xctest */;
			productType = "com.apple.product-type.bundle.unit-test";
		};
/* End PBXNativeTarget section */

/* Begin PBXProject section */
		41AD9DB61C8BE0C700A9CB2E /* Project object */ = {
			isa = PBXProject;
			attributes = {
				LastUpgradeCheck = 0720;
				ORGANIZATIONNAME = AK;
				TargetAttributes = {
					41AD9DBD1C8BE0C700A9CB2E = {
						CreatedOnToolsVersion = 7.2;
						DevelopmentTeam = R7MA6WCN8V;
						ProvisioningStyle = Automatic;
					};
					41AD9DD61C8BE0C700A9CB2E = {
						CreatedOnToolsVersion = 7.2;
						TestTargetID = 41AD9DBD1C8BE0C700A9CB2E;
					};
				};
			};
			buildConfigurationList = 41AD9DB91C8BE0C700A9CB2E /* Build configuration list for PBXProject "LaunchDemo" */;
			compatibilityVersion = "Xcode 3.2";
			developmentRegion = English;
			hasScannedForEncodings = 0;
			knownRegions = (
				en,
				Base,
			);
			mainGroup = 41AD9DB51C8BE0C700A9CB2E;
			productRefGroup = 41AD9DBF1C8BE0C700A9CB2E /* Products */;
			projectDirPath = "";
			projectRoot = "";
			targets = (
				41AD9DBD1C8BE0C700A9CB2E /* LaunchDemo */,
				41AD9DD61C8BE0C700A9CB2E /* LaunchDemoTests */,
			);
		};
/* End PBXProject section */

/* Begin PBXResourcesBuildPhase section */
		41AD9DBC1C8BE0C700A9CB2E /* Resources */ = {
			isa = PBXResourcesBuildPhase;
			buildActionMask = 2147483647;
			files = (
				660F74D91E124C9800EA74D2 /* img in Resources */,
				660F749D1E124BFC00EA74D2 /* guideCss in Resources */,
				660F74DC1E1251AE00EA74D2 /* guide_Page2.html in Resources */,
				41AD9DCE1C8BE0C700A9CB2E /* Assets.xcassets in Resources */,
				660F74921E1248DD00EA74D2 /* guide_Single.html in Resources */,
				660F74BD1E124C8200EA74D2 /* guide_Page.html in Resources */,
				660F74DA1E124C9800EA74D2 /* js in Resources */,
				660F74D81E124C9800EA74D2 /* css in Resources */,
				660F74931E1248DD00EA74D2 /* guide_ipad.html in Resources */,
				41AD9DCC1C8BE0C700A9CB2E /* Main.storyboard in Resources */,
				660F749E1E124BFC00EA74D2 /* guideImg in Resources */,
			);
			runOnlyForDeploymentPostprocessing = 0;
		};
		41AD9DD51C8BE0C700A9CB2E /* Resources */ = {
			isa = PBXResourcesBuildPhase;
			buildActionMask = 2147483647;
			files = (
			);
			runOnlyForDeploymentPostprocessing = 0;
		};
/* End PBXResourcesBuildPhase section */

/* Begin PBXSourcesBuildPhase section */
		41AD9DBA1C8BE0C700A9CB2E /* Sources */ = {
			isa = PBXSourcesBuildPhase;
			buildActionMask = 2147483647;
			files = (
				41AD9DC91C8BE0C700A9CB2E /* ViewController.m in Sources */,
				41AD9DC61C8BE0C700A9CB2E /* AppDelegate.m in Sources */,
				667A2B2C1E11451F00AD21F8 /* AKLaunchWebVC.m in Sources */,
				41AD9DC31C8BE0C700A9CB2E /* main.m in Sources */,
			);
			runOnlyForDeploymentPostprocessing = 0;
		};
		41AD9DD31C8BE0C700A9CB2E /* Sources */ = {
			isa = PBXSourcesBuildPhase;
			buildActionMask = 2147483647;
			files = (
				41AD9DDC1C8BE0C700A9CB2E /* LaunchDemoTests.m in Sources */,
			);
			runOnlyForDeploymentPostprocessing = 0;
		};
/* End PBXSourcesBuildPhase section */

/* Begin PBXTargetDependency section */
		41AD9DD91C8BE0C700A9CB2E /* PBXTargetDependency */ = {
			isa = PBXTargetDependency;
			target = 41AD9DBD1C8BE0C700A9CB2E /* LaunchDemo */;
			targetProxy = 41AD9DD81C8BE0C700A9CB2E /* PBXContainerItemProxy */;
		};
/* End PBXTargetDependency section */

/* Begin PBXVariantGroup section */
		41AD9DCA1C8BE0C700A9CB2E /* Main.storyboard */ = {
			isa = PBXVariantGroup;
			children = (
				41AD9DCB1C8BE0C700A9CB2E /* Base */,
			);
			name = Main.storyboard;
			sourceTree = "<group>";
		};
/* End PBXVariantGroup section */

/* Begin XCBuildConfiguration section */
		41AD9DDE1C8BE0C700A9CB2E /* Debug */ = {
			isa = XCBuildConfiguration;
			buildSettings = {
				ALWAYS_SEARCH_USER_PATHS = NO;
				CLANG_CXX_LANGUAGE_STANDARD = "gnu++0x";
				CLANG_CXX_LIBRARY = "libc++";
				CLANG_ENABLE_MODULES = YES;
				CLANG_ENABLE_OBJC_ARC = YES;
				CLANG_WARN_BOOL_CONVERSION = YES;
				CLANG_WARN_CONSTANT_CONVERSION = YES;
				CLANG_WARN_DIRECT_OBJC_ISA_USAGE = YES_ERROR;
				CLANG_WARN_EMPTY_BODY = YES;
				CLANG_WARN_ENUM_CONVERSION = YES;
				CLANG_WARN_INT_CONVERSION = YES;
				CLANG_WARN_OBJC_ROOT_CLASS = YES_ERROR;
				CLANG_WARN_UNREACHABLE_CODE = YES;
				CLANG_WARN__DUPLICATE_METHOD_MATCH = YES;
				"CODE_SIGN_IDENTITY[sdk=iphoneos*]" = "iPhone Developer";
				COPY_PHASE_STRIP = NO;
				DEBUG_INFORMATION_FORMAT = dwarf;
				ENABLE_STRICT_OBJC_MSGSEND = YES;
				ENABLE_TESTABILITY = YES;
				GCC_C_LANGUAGE_STANDARD = gnu99;
				GCC_DYNAMIC_NO_PIC = NO;
				GCC_NO_COMMON_BLOCKS = YES;
				GCC_OPTIMIZATION_LEVEL = 0;
				GCC_PREPROCESSOR_DEFINITIONS = (
					"DEBUG=1",
					"$(inherited)",
				);
				GCC_WARN_64_TO_32_BIT_CONVERSION = YES;
				GCC_WARN_ABOUT_RETURN_TYPE = YES_ERROR;
				GCC_WARN_UNDECLARED_SELECTOR = YES;
				GCC_WARN_UNINITIALIZED_AUTOS = YES_AGGRESSIVE;
				GCC_WARN_UNUSED_FUNCTION = YES;
				GCC_WARN_UNUSED_VARIABLE = YES;
				IPHONEOS_DEPLOYMENT_TARGET = 9.2;
				MTL_ENABLE_DEBUG_INFO = YES;
				ONLY_ACTIVE_ARCH = YES;
				SDKROOT = iphoneos;
			};
			name = Debug;
		};
		41AD9DDF1C8BE0C700A9CB2E /* Release */ = {
			isa = XCBuildConfiguration;
			buildSettings = {
				ALWAYS_SEARCH_USER_PATHS = NO;
				CLANG_CXX_LANGUAGE_STANDARD = "gnu++0x";
				CLANG_CXX_LIBRARY = "libc++";
				CLANG_ENABLE_MODULES = YES;
				CLANG_ENABLE_OBJC_ARC = YES;
				CLANG_WARN_BOOL_CONVERSION = YES;
				CLANG_WARN_CONSTANT_CONVERSION = YES;
				CLANG_WARN_DIRECT_OBJC_ISA_USAGE = YES_ERROR;
				CLANG_WARN_EMPTY_BODY = YES;
				CLANG_WARN_ENUM_CONVERSION = YES;
				CLANG_WARN_INT_CONVERSION = YES;
				CLANG_WARN_OBJC_ROOT_CLASS = YES_ERROR;
				CLANG_WARN_UNREACHABLE_CODE = YES;
				CLANG_WARN__DUPLICATE_METHOD_MATCH = YES;
				"CODE_SIGN_IDENTITY[sdk=iphoneos*]" = "iPhone Developer";
				COPY_PHASE_STRIP = NO;
				DEBUG_INFORMATION_FORMAT = "dwarf-with-dsym";
				ENABLE_NS_ASSERTIONS = NO;
				ENABLE_STRICT_OBJC_MSGSEND = YES;
				GCC_C_LANGUAGE_STANDARD = gnu99;
				GCC_NO_COMMON_BLOCKS = YES;
				GCC_WARN_64_TO_32_BIT_CONVERSION = YES;
				GCC_WARN_ABOUT_RETURN_TYPE = YES_ERROR;
				GCC_WARN_UNDECLARED_SELECTOR = YES;
				GCC_WARN_UNINITIALIZED_AUTOS = YES_AGGRESSIVE;
				GCC_WARN_UNUSED_FUNCTION = YES;
				GCC_WARN_UNUSED_VARIABLE = YES;
				IPHONEOS_DEPLOYMENT_TARGET = 9.2;
				MTL_ENABLE_DEBUG_INFO = NO;
				SDKROOT = iphoneos;
				VALIDATE_PRODUCT = YES;
			};
			name = Release;
		};
		41AD9DE11C8BE0C700A9CB2E /* Debug */ = {
			isa = XCBuildConfiguration;
			buildSettings = {
				ASSETCATALOG_COMPILER_APPICON_NAME = AppIcon;
				ASSETCATALOG_COMPILER_LAUNCHIMAGE_NAME = LaunchImage;
				"CODE_SIGN_IDENTITY[sdk=iphoneos*]" = "iPhone Developer";
				DEVELOPMENT_TEAM = R7MA6WCN8V;
				INFOPLIST_FILE = LaunchDemo/Info.plist;
				IPHONEOS_DEPLOYMENT_TARGET = 7.0;
				LD_RUNPATH_SEARCH_PATHS = "$(inherited) @executable_path/Frameworks";
				PRODUCT_BUNDLE_IDENTIFIER = com.hundsun.www.LaunchDemo;
				PRODUCT_NAME = "$(TARGET_NAME)";
			};
			name = Debug;
		};
		41AD9DE21C8BE0C700A9CB2E /* Release */ = {
			isa = XCBuildConfiguration;
			buildSettings = {
				ASSETCATALOG_COMPILER_APPICON_NAME = AppIcon;
				ASSETCATALOG_COMPILER_LAUNCHIMAGE_NAME = LaunchImage;
				"CODE_SIGN_IDENTITY[sdk=iphoneos*]" = "iPhone Developer";
				DEVELOPMENT_TEAM = R7MA6WCN8V;
				INFOPLIST_FILE = LaunchDemo/Info.plist;
				IPHONEOS_DEPLOYMENT_TARGET = 7.0;
				LD_RUNPATH_SEARCH_PATHS = "$(inherited) @executable_path/Frameworks";
				PRODUCT_BUNDLE_IDENTIFIER = com.hundsun.www.LaunchDemo;
				PRODUCT_NAME = "$(TARGET_NAME)";
			};
			name = Release;
		};
		41AD9DE41C8BE0C700A9CB2E /* Debug */ = {
			isa = XCBuildConfiguration;
			buildSettings = {
				BUNDLE_LOADER = "$(TEST_HOST)";
				INFOPLIST_FILE = LaunchDemoTests/Info.plist;
				LD_RUNPATH_SEARCH_PATHS = "$(inherited) @executable_path/Frameworks @loader_path/Frameworks";
				PRODUCT_BUNDLE_IDENTIFIER = com.hundsun.www.LaunchDemoTests;
				PRODUCT_NAME = "$(TARGET_NAME)";
				TEST_HOST = "$(BUILT_PRODUCTS_DIR)/LaunchDemo.app/LaunchDemo";
			};
			name = Debug;
		};
		41AD9DE51C8BE0C700A9CB2E /* Release */ = {
			isa = XCBuildConfiguration;
			buildSettings = {
				BUNDLE_LOADER = "$(TEST_HOST)";
				INFOPLIST_FILE = LaunchDemoTests/Info.plist;
				LD_RUNPATH_SEARCH_PATHS = "$(inherited) @executable_path/Frameworks @loader_path/Frameworks";
				PRODUCT_BUNDLE_IDENTIFIER = com.hundsun.www.LaunchDemoTests;
				PRODUCT_NAME = "$(TARGET_NAME)";
				TEST_HOST = "$(BUILT_PRODUCTS_DIR)/LaunchDemo.app/LaunchDemo";
			};
			name = Release;
		};
/* End XCBuildConfiguration section */

/* Begin XCConfigurationList section */
		41AD9DB91C8BE0C700A9CB2E /* Build configuration list for PBXProject "LaunchDemo" */ = {
			isa = XCConfigurationList;
			buildConfigurations = (
				41AD9DDE1C8BE0C700A9CB2E /* Debug */,
				41AD9DDF1C8BE0C700A9CB2E /* Release */,
			);
			defaultConfigurationIsVisible = 0;
			defaultConfigurationName = Release;
		};
		41AD9DE01C8BE0C700A9CB2E /* Build configuration list for PBXNativeTarget "LaunchDemo" */ = {
			isa = XCConfigurationList;
			buildConfigurations = (
				41AD9DE11C8BE0C700A9CB2E /* Debug */,
				41AD9DE21C8BE0C700A9CB2E /* Release */,
			);
			defaultConfigurationIsVisible = 0;
			defaultConfigurationName = Release;
		};
		41AD9DE31C8BE0C700A9CB2E /* Build configuration list for PBXNativeTarget "LaunchDemoTests" */ = {
			isa = XCConfigurationList;
			buildConfigurations = (
				41AD9DE41C8BE0C700A9CB2E /* Debug */,
				41AD9DE51C8BE0C700A9CB2E /* Release */,
			);
			defaultConfigurationIsVisible = 0;
			defaultConfigurationName = Release;
		};
/* End XCConfigurationList section */
	};
	rootObject = 41AD9DB61C8BE0C700A9CB2E /* Project object */;
}
